
Microsoft Visual Studio Solution File, Format Version 12.00
# Visual Studio Version 17
VisualStudioVersion = 17.9.34902.65
MinimumVisualStudioVersion = 10.0.40219.1
Project("{FAE04EC0-301F-11D3-BF4B-00C04F79EFBC}") = "WebAPI", "WebAPI.csproj", "{2ACB308F-B340-4777-850A-58B90ADD5315}"
EndProject
Project("{9A19103F-16F7-4668-BE54-9A1E7A4F7556}") = "StanNaDanLibrary", "..\..\NekretnineLibrary\StanNaDanLibrary.csproj", "{907A49F6-33BE-4B83-B493-BF5FEF1B76AF}"
EndProject
Global
	GlobalSection(SolutionConfigurationPlatforms) = preSolution
		Debug|Any CPU = Debug|Any CPU
		Release|Any CPU = Release|Any CPU
	EndGlobalSection
	GlobalSection(ProjectConfigurationPlatforms) = postSolution
		{2ACB308F-B340-4777-850A-58B90ADD5315}.Debug|Any CPU.ActiveCfg = Debug|Any CPU
		{2ACB308F-B340-4777-850A-58B90ADD5315}.Debug|Any CPU.Build.0 = Debug|Any CPU
		{2ACB308F-B340-4777-850A-58B90ADD5315}.Release|Any CPU.ActiveCfg = Release|Any CPU
		{2ACB308F-B340-4777-850A-58B90ADD5315}.Release|Any CPU.Build.0 = Release|Any CPU
		{907A49F6-33BE-4B83-B493-BF5FEF1B76AF}.Debug|Any CPU.ActiveCfg = Debug|Any CPU
		{907A49F6-33BE-4B83-B493-BF5FEF1B76AF}.Debug|Any CPU.Build.0 = Debug|Any CPU
		{907A49F6-33BE-4B83-B493-BF5FEF1B76AF}.Release|Any CPU.ActiveCfg = Release|Any CPU
		{907A49F6-33BE-4B83-B493-BF5FEF1B76AF}.Release|Any CPU.Build.0 = Release|Any CPU
	EndGlobalSection
	GlobalSection(SolutionProperties) = preSolution
		HideSolutionNode = FALSE
	EndGlobalSection
	GlobalSection(ExtensibilityGlobals) = postSolution
		SolutionGuid = {A9953653-1C80-4E8B-A395-B94F5AC9C8DF}
	EndGlobalSection
EndGlobal
